
Microsoft Visual Studio Solution File, Format Version 12.00
# Visual Studio Version 16
VisualStudioVersion = 16.0.29326.143
MinimumVisualStudioVersion = 10.0.40219.1
Project("{FAE04EC0-301F-11D3-BF4B-00C04F79EFBC}") = "F016FrameWork", "F016FrameWork\F016FrameWork.csproj", "{71EA026E-E9AD-4DE6-B9F6-10C952261092}"
EndProject
Project("{FAE04EC0-301F-11D3-BF4B-00C04F79EFBC}") = "InputCheck", "InputCheck\InputCheck.csproj", "{A1C374AA-290B-4CB0-ACEC-87E1956E4DE6}"
EndProject
Global
	GlobalSection(SolutionConfigurationPlatforms) = preSolution
		Debug|Any CPU = Debug|Any CPU
		Release|Any CPU = Release|Any CPU
	EndGlobalSection
	GlobalSection(ProjectConfigurationPlatforms) = postSolution
		{71EA026E-E9AD-4DE6-B9F6-10C952261092}.Debug|Any CPU.ActiveCfg = Debug|Any CPU
		{71EA026E-E9AD-4DE6-B9F6-10C952261092}.Debug|Any CPU.Build.0 = Debug|Any CPU
		{71EA026E-E9AD-4DE6-B9F6-10C952261092}.Release|Any CPU.ActiveCfg = Release|Any CPU
		{71EA026E-E9AD-4DE6-B9F6-10C952261092}.Release|Any CPU.Build.0 = Release|Any CPU
		{A1C374AA-290B-4CB0-ACEC-87E1956E4DE6}.Debug|Any CPU.ActiveCfg = Debug|Any CPU
		{A1C374AA-290B-4CB0-ACEC-87E1956E4DE6}.Debug|Any CPU.Build.0 = Debug|Any CPU
		{A1C374AA-290B-4CB0-ACEC-87E1956E4DE6}.Release|Any CPU.ActiveCfg = Release|Any CPU
		{A1C374AA-290B-4CB0-ACEC-87E1956E4DE6}.Release|Any CPU.Build.0 = Release|Any CPU
	EndGlobalSection
	GlobalSection(SolutionProperties) = preSolution
		HideSolutionNode = FALSE
	EndGlobalSection
	GlobalSection(ExtensibilityGlobals) = postSolution
		SolutionGuid = {EC1FBBB5-24DE-45ED-ABDD-938B6C7596EF}
	EndGlobalSection
EndGlobal
